{
  "originHash" : "05268cc2a6501beb8cf3054d6460b8daff1476cba7c0ccc26e7179f6f58d93df",
  "pins" : [
    {
      "identity" : "swift-syntax",
      "kind" : "remoteSourceControl",
      "location" : "https://github.com/swiftlang/swift-syntax.git",
      "state" : {
        "revision" : "fd6373fad9cf3b3bc4e3c06d92f0cfd60007fa8e",
        "version" : "602.0.0-prerelease-2025-06-26"
      }
    },
    {
      "identity" : "swift-testing",
      "kind" : "remoteSourceControl",
      "location" : "https://github.com/suzannaratcliff/swift-testing.git",
      "state" : {
        "branch" : "suzannaratcliff/enable-severity",
        "revision" : "7d3accbe067748e9b64a959988a048d4e50d9d9b"
      }
    }
  ],
  "version" : 3
}
